Microsoft Visual Studio Solution File, Format Version 11.00
# Visual Studio 2010
Project("{FAE04EC0-301F-11D3-BF4B-00C04F79EFBC}") = "Assembly-CSharp", "Assembly-CSharp.csproj", "{86015DD5-CEBF-808E-C5C5-291ED29E088B}"
EndProject
Project("{FAE04EC0-301F-11D3-BF4B-00C04F79EFBC}") = "Assembly-CSharp-firstpass", "Assembly-CSharp-firstpass.csproj", "{DF1970C1-DDC7-678A-838A-8FDAD3B6CADE}"
EndProject
Project("{FAE04EC0-301F-11D3-BF4B-00C04F79EFBC}") = "Assembly-CSharp-Editor-firstpass", "Assembly-CSharp-Editor-firstpass.csproj", "{EA2EABDE-5B29-D6E7-F475-6B2442D9B9BA}"
EndProject
Global
	GlobalSection(SolutionConfigurationPlatforms) = preSolution
		Debug|Any CPU = Debug|Any CPU
		Release|Any CPU = Release|Any CPU
	EndGlobalSection
	GlobalSection(ProjectConfigurationPlatforms) = postSolution
		{86015DD5-CEBF-808E-C5C5-291ED29E088B}.Debug|Any CPU.ActiveCfg = Debug|Any CPU
		{86015DD5-CEBF-808E-C5C5-291ED29E088B}.Debug|Any CPU.Build.0 = Debug|Any CPU
		{86015DD5-CEBF-808E-C5C5-291ED29E088B}.Release|Any CPU.ActiveCfg = Release|Any CPU
		{86015DD5-CEBF-808E-C5C5-291ED29E088B}.Release|Any CPU.Build.0 = Release|Any CPU
		{DF1970C1-DDC7-678A-838A-8FDAD3B6CADE}.Debug|Any CPU.ActiveCfg = Debug|Any CPU
		{DF1970C1-DDC7-678A-838A-8FDAD3B6CADE}.Debug|Any CPU.Build.0 = Debug|Any CPU
		{DF1970C1-DDC7-678A-838A-8FDAD3B6CADE}.Release|Any CPU.ActiveCfg = Release|Any CPU
		{DF1970C1-DDC7-678A-838A-8FDAD3B6CADE}.Release|Any CPU.Build.0 = Release|Any CPU
		{EA2EABDE-5B29-D6E7-F475-6B2442D9B9BA}.Debug|Any CPU.ActiveCfg = Debug|Any CPU
		{EA2EABDE-5B29-D6E7-F475-6B2442D9B9BA}.Debug|Any CPU.Build.0 = Debug|Any CPU
		{EA2EABDE-5B29-D6E7-F475-6B2442D9B9BA}.Release|Any CPU.ActiveCfg = Release|Any CPU
		{EA2EABDE-5B29-D6E7-F475-6B2442D9B9BA}.Release|Any CPU.Build.0 = Release|Any CPU
	EndGlobalSection
	GlobalSection(SolutionProperties) = preSolution
		HideSolutionNode = FALSE
	EndGlobalSection
	GlobalSection(MonoDevelopProperties) = preSolution
		StartupItem = Assembly-CSharp.csproj
	EndGlobalSection
EndGlobal
